
Microsoft Visual Studio Solution File, Format Version 10.00
# Visual Studio 2008
Project("{8BC9CEB8-8B4A-11D0-8D11-00A0C91BC942}") = "QTreadTest_0", "QTreadTest_0\QTreadTest_0.vcproj", "{C7C1C9C5-6A2F-49F3-9E11-D579D3EC6280}"
EndProject
Global
	GlobalSection(SolutionConfigurationPlatforms) = preSolution
		Debug|Win32 = Debug|Win32
		Release|Win32 = Release|Win32
	EndGlobalSection
	GlobalSection(ProjectConfigurationPlatforms) = postSolution
		{C7C1C9C5-6A2F-49F3-9E11-D579D3EC6280}.Debug|Win32.ActiveCfg = Debug|Win32
		{C7C1C9C5-6A2F-49F3-9E11-D579D3EC6280}.Debug|Win32.Build.0 = Debug|Win32
		{C7C1C9C5-6A2F-49F3-9E11-D579D3EC6280}.Release|Win32.ActiveCfg = Release|Win32
		{C7C1C9C5-6A2F-49F3-9E11-D579D3EC6280}.Release|Win32.Build.0 = Release|Win32
	EndGlobalSection
	GlobalSection(SolutionProperties) = preSolution
		HideSolutionNode = FALSE
	EndGlobalSection
EndGlobal
