
Microsoft Visual Studio Solution File, Format Version 12.00
# Visual Studio 15
VisualStudioVersion = 15.0.28307.1000
MinimumVisualStudioVersion = 10.0.40219.1
Project("{8BC9CEB8-8B4A-11D0-8D11-00A0C91BC942}") = "PE_Tool", "PE_Tool\PE_Tool.vcxproj", "{FD8A01B0-7504-4EFA-8E22-FEBBDDEC4494}"
EndProject
Project("{8BC9CEB8-8B4A-11D0-8D11-00A0C91BC942}") = "Test", "Test\Test.vcxproj", "{9968BB4C-7D3D-4D53-BC1F-25DA403796EC}"
EndProject
Global
	GlobalSection(SolutionConfigurationPlatforms) = preSolution
		Debug|x64 = Debug|x64
		Debug|x86 = Debug|x86
		Release|x64 = Release|x64
		Release|x86 = Release|x86
	EndGlobalSection
	GlobalSection(ProjectConfigurationPlatforms) = postSolution
		{FD8A01B0-7504-4EFA-8E22-FEBBDDEC4494}.Debug|x64.ActiveCfg = Debug|x64
		{FD8A01B0-7504-4EFA-8E22-FEBBDDEC4494}.Debug|x64.Build.0 = Debug|x64
		{FD8A01B0-7504-4EFA-8E22-FEBBDDEC4494}.Debug|x86.ActiveCfg = Debug|Win32
		{FD8A01B0-7504-4EFA-8E22-FEBBDDEC4494}.Debug|x86.Build.0 = Debug|Win32
		{FD8A01B0-7504-4EFA-8E22-FEBBDDEC4494}.Release|x64.ActiveCfg = Release|x64
		{FD8A01B0-7504-4EFA-8E22-FEBBDDEC4494}.Release|x64.Build.0 = Release|x64
		{FD8A01B0-7504-4EFA-8E22-FEBBDDEC4494}.Release|x86.ActiveCfg = Release|Win32
		{FD8A01B0-7504-4EFA-8E22-FEBBDDEC4494}.Release|x86.Build.0 = Release|Win32
		{9968BB4C-7D3D-4D53-BC1F-25DA403796EC}.Debug|x64.ActiveCfg = Debug|x64
		{9968BB4C-7D3D-4D53-BC1F-25DA403796EC}.Debug|x64.Build.0 = Debug|x64
		{9968BB4C-7D3D-4D53-BC1F-25DA403796EC}.Debug|x86.ActiveCfg = Debug|Win32
		{9968BB4C-7D3D-4D53-BC1F-25DA403796EC}.Debug|x86.Build.0 = Debug|Win32
		{9968BB4C-7D3D-4D53-BC1F-25DA403796EC}.Release|x64.ActiveCfg = Release|x64
		{9968BB4C-7D3D-4D53-BC1F-25DA403796EC}.Release|x64.Build.0 = Release|x64
		{9968BB4C-7D3D-4D53-BC1F-25DA403796EC}.Release|x86.ActiveCfg = Release|Win32
		{9968BB4C-7D3D-4D53-BC1F-25DA403796EC}.Release|x86.Build.0 = Release|Win32
	EndGlobalSection
	GlobalSection(SolutionProperties) = preSolution
		HideSolutionNode = FALSE
	EndGlobalSection
	GlobalSection(ExtensibilityGlobals) = postSolution
		SolutionGuid = {10F38B90-03F6-4594-BB6B-513A89544061}
	EndGlobalSection
EndGlobal
