
Microsoft Visual Studio Solution File, Format Version 10.00
# Visual Studio 2008
Project("{8BC9CEB8-8B4A-11D0-8D11-00A0C91BC942}") = "scanDir", "scanDir\scanDir.vcproj", "{A6980D0D-004C-4A42-9B41-0098C41820CF}"
EndProject
Global
	GlobalSection(SolutionConfigurationPlatforms) = preSolution
		Debug|Win32 = Debug|Win32
		Release|Win32 = Release|Win32
	EndGlobalSection
	GlobalSection(ProjectConfigurationPlatforms) = postSolution
		{A6980D0D-004C-4A42-9B41-0098C41820CF}.Debug|Win32.ActiveCfg = Debug|Win32
		{A6980D0D-004C-4A42-9B41-0098C41820CF}.Debug|Win32.Build.0 = Debug|Win32
		{A6980D0D-004C-4A42-9B41-0098C41820CF}.Release|Win32.ActiveCfg = Release|Win32
		{A6980D0D-004C-4A42-9B41-0098C41820CF}.Release|Win32.Build.0 = Release|Win32
	EndGlobalSection
	GlobalSection(SolutionProperties) = preSolution
		HideSolutionNode = FALSE
	EndGlobalSection
EndGlobal
