
Microsoft Visual Studio Solution File, Format Version 12.00
# Visual Studio 15
VisualStudioVersion = 15.0.28307.1000
MinimumVisualStudioVersion = 10.0.40219.1
Project("{8BC9CEB8-8B4A-11D0-8D11-00A0C91BC942}") = "QtWidgetsApplication", "QtWidgetsApplication\QtWidgetsApplication.vcxproj", "{EFF306F9-136D-4A49-BE43-945A13BB4E0F}"
EndProject
Global
	GlobalSection(SolutionConfigurationPlatforms) = preSolution
		Debug|x64 = Debug|x64
		Release|x64 = Release|x64
	EndGlobalSection
	GlobalSection(ProjectConfigurationPlatforms) = postSolution
		{EFF306F9-136D-4A49-BE43-945A13BB4E0F}.Debug|x64.ActiveCfg = Debug|x64
		{EFF306F9-136D-4A49-BE43-945A13BB4E0F}.Debug|x64.Build.0 = Debug|x64
		{EFF306F9-136D-4A49-BE43-945A13BB4E0F}.Release|x64.ActiveCfg = Release|x64
		{EFF306F9-136D-4A49-BE43-945A13BB4E0F}.Release|x64.Build.0 = Release|x64
	EndGlobalSection
	GlobalSection(SolutionProperties) = preSolution
		HideSolutionNode = FALSE
	EndGlobalSection
	GlobalSection(ExtensibilityGlobals) = postSolution
		SolutionGuid = {14F421BB-47A4-444A-855B-85DB0D09B750}
	EndGlobalSection
EndGlobal
